// !$*UTF8*$!
{
	archiveVersion = 1;
	classes = {
	};
	objectVersion = 56;
	objects = {

/* Begin PBXBuildFile section */
		F7EF5E3728FDF88500B2FC75 /* AppDelegate.swift in Sources */ = {isa = PBXBuildFile; fileRef = F7EF5E3628FDF88500B2FC75 /* AppDelegate.swift */; };
		F7EF5E3928FDF88500B2FC75 /* SceneDelegate.swift in Sources */ = {isa = PBXBuildFile; fileRef = F7EF5E3828FDF88500B2FC75 /* SceneDelegate.swift */; };
		F7EF5E3B28FDF88500B2FC75 /* ViewController.swift in Sources */ = {isa = PBXBuildFile; fileRef = F7EF5E3A28FDF88500B2FC75 /* ViewController.swift */; };
		F7EF5E3E28FDF88500B2FC75 /* Main.storyboard in Resources */ = {isa = PBXBuildFile; fileRef = F7EF5E3C28FDF88500B2FC75 /* Main.storyboard */; };
		F7EF5E4028FDF88600B2FC75 /* Assets.xcassets in Resources */ = {isa = PBXBuildFile; fileRef = F7EF5E3F28FDF88600B2FC75 /* Assets.xcassets */; };
		F7EF5E4328FDF88600B2FC75 /* LaunchScreen.storyboard in Resources */ = {isa = PBXBuildFile; fileRef = F7EF5E4128FDF88600B2FC75 /* LaunchScreen.storyboard */; };
		F7EF5E4F28FDFB6900B2FC75 /* User.swift in Sources */ = {isa = PBXBuildFile; fileRef = F7EF5E4E28FDFB6900B2FC75 /* User.swift */; };
		F7EF5E5128FDFCA900B2FC75 /* ViewModel.swift in Sources */ = {isa = PBXBuildFile; fileRef = F7EF5E5028FDFCA900B2FC75 /* ViewModel.swift */; };
		F7EF5E5428FDFCFA00B2FC75 /* Dynamic.swift in Sources */ = {isa = PBXBuildFile; fileRef = F7EF5E5328FDFCFA00B2FC75 /* Dynamic.swift */; };
/* End PBXBuildFile section */

/* Begin PBXFileReference section */
		F7EF5E3328FDF88500B2FC75 /* MVVM project.app */ = {isa = PBXFileReference; explicitFileType = wrapper.application; includeInIndex = 0; path = "MVVM project.app"; sourceTree = BUILT_PRODUCTS_DIR; };
		F7EF5E3628FDF88500B2FC75 /* AppDelegate.swift */ = {isa = PBXFileReference; lastKnownFileType = sourcecode.swift; path = AppDelegate.swift; sourceTree = "<group>"; };
		F7EF5E3828FDF88500B2FC75 /* SceneDelegate.swift */ = {isa = PBXFileReference; lastKnownFileType = sourcecode.swift; path = SceneDelegate.swift; sourceTree = "<group>"; };
		F7EF5E3A28FDF88500B2FC75 /* ViewController.swift */ = {isa = PBXFileReference; lastKnownFileType = sourcecode.swift; path = ViewController.swift; sourceTree = "<group>"; };
		F7EF5E3D28FDF88500B2FC75 /* Base */ = {isa = PBXFileReference; lastKnownFileType = file.storyboard; name = Base; path = Base.lproj/Main.storyboard; sourceTree = "<group>"; };
		F7EF5E3F28FDF88600B2FC75 /* Assets.xcassets */ = {isa = PBXFileReference; lastKnownFileType = folder.assetcatalog; path = Assets.xcassets; sourceTree = "<group>"; };
		F7EF5E4228FDF88600B2FC75 /* Base */ = {isa = PBXFileReference; lastKnownFileType = file.storyboard; name = Base; path = Base.lproj/LaunchScreen.storyboard; sourceTree = "<group>"; };
		F7EF5E4428FDF88600B2FC75 /* Info.plist */ = {isa = PBXFileReference; lastKnownFileType = text.plist.xml; path = Info.plist; sourceTree = "<group>"; };
		F7EF5E4E28FDFB6900B2FC75 /* User.swift */ = {isa = PBXFileReference; lastKnownFileType = sourcecode.swift; path = User.swift; sourceTree = "<group>"; };
		F7EF5E5028FDFCA900B2FC75 /* ViewModel.swift */ = {isa = PBXFileReference; lastKnownFileType = sourcecode.swift; path = ViewModel.swift; sourceTree = "<group>"; };
		F7EF5E5328FDFCFA00B2FC75 /* Dynamic.swift */ = {isa = PBXFileReference; lastKnownFileType = sourcecode.swift; path = Dynamic.swift; sourceTree = "<group>"; };
/* End PBXFileReference section */

/* Begin PBXFrameworksBuildPhase section */
		F7EF5E3028FDF88500B2FC75 /* Frameworks */ = {
			isa = PBXFrameworksBuildPhase;
			buildActionMask = 2147483647;
			files = (
			);
			runOnlyForDeploymentPostprocessing = 0;
		};
/* End PBXFrameworksBuildPhase section */

/* Begin PBXGroup section */
		F7EF5E2A28FDF88500B2FC75 = {
			isa = PBXGroup;
			children = (
				F7EF5E3528FDF88500B2FC75 /* MVVM project */,
				F7EF5E3428FDF88500B2FC75 /* Products */,
			);
			sourceTree = "<group>";
		};
		F7EF5E3428FDF88500B2FC75 /* Products */ = {
			isa = PBXGroup;
			children = (
				F7EF5E3328FDF88500B2FC75 /* MVVM project.app */,
			);
			name = Products;
			sourceTree = "<group>";
		};
		F7EF5E3528FDF88500B2FC75 /* MVVM project */ = {
			isa = PBXGroup;
			children = (
				F7EF5E4C28FDF8A200B2FC75 /* ViewModels */,
				F7EF5E4B28FDF89600B2FC75 /* Models */,
				F7EF5E4A28FDF88D00B2FC75 /* Views */,
				F7EF5E3628FDF88500B2FC75 /* AppDelegate.swift */,
				F7EF5E3828FDF88500B2FC75 /* SceneDelegate.swift */,
				F7EF5E3F28FDF88600B2FC75 /* Assets.xcassets */,
				F7EF5E4428FDF88600B2FC75 /* Info.plist */,
			);
			path = "MVVM project";
			sourceTree = "<group>";
		};
		F7EF5E4A28FDF88D00B2FC75 /* Views */ = {
			isa = PBXGroup;
			children = (
				F7EF5E3A28FDF88500B2FC75 /* ViewController.swift */,
				F7EF5E4D28FDF92A00B2FC75 /* Storyboards */,
			);
			path = Views;
			sourceTree = "<group>";
		};
		F7EF5E4B28FDF89600B2FC75 /* Models */ = {
			isa = PBXGroup;
			children = (
				F7EF5E4E28FDFB6900B2FC75 /* User.swift */,
			);
			path = Models;
			sourceTree = "<group>";
		};
		F7EF5E4C28FDF8A200B2FC75 /* ViewModels */ = {
			isa = PBXGroup;
			children = (
				F7EF5E5228FDFCDF00B2FC75 /* Bindings */,
				F7EF5E5028FDFCA900B2FC75 /* ViewModel.swift */,
			);
			path = ViewModels;
			sourceTree = "<group>";
		};
		F7EF5E4D28FDF92A00B2FC75 /* Storyboards */ = {
			isa = PBXGroup;
			children = (
				F7EF5E3C28FDF88500B2FC75 /* Main.storyboard */,
				F7EF5E4128FDF88600B2FC75 /* LaunchScreen.storyboard */,
			);
			path = Storyboards;
			sourceTree = "<group>";
		};
		F7EF5E5228FDFCDF00B2FC75 /* Bindings */ = {
			isa = PBXGroup;
			children = (
				F7EF5E5328FDFCFA00B2FC75 /* Dynamic.swift */,
			);
			path = Bindings;
			sourceTree = "<group>";
		};
/* End PBXGroup section */

/* Begin PBXNativeTarget section */
		F7EF5E3228FDF88500B2FC75 /* MVVM project */ = {
			isa = PBXNativeTarget;
			buildConfigurationList = F7EF5E4728FDF88600B2FC75 /* Build configuration list for PBXNativeTarget "MVVM project" */;
			buildPhases = (
				F7EF5E2F28FDF88500B2FC75 /* Sources */,
				F7EF5E3028FDF88500B2FC75 /* Frameworks */,
				F7EF5E3128FDF88500B2FC75 /* Resources */,
			);
			buildRules = (
			);
			dependencies = (
			);
			name = "MVVM project";
			productName = "MVVM project";
			productReference = F7EF5E3328FDF88500B2FC75 /* MVVM project.app */;
			productType = "com.apple.product-type.application";
		};
/* End PBXNativeTarget section */

/* Begin PBXProject section */
		F7EF5E2B28FDF88500B2FC75 /* Project object */ = {
			isa = PBXProject;
			attributes = {
				BuildIndependentTargetsInParallel = 1;
				LastSwiftUpdateCheck = 1400;
				LastUpgradeCheck = 1400;
				TargetAttributes = {
					F7EF5E3228FDF88500B2FC75 = {
						CreatedOnToolsVersion = 14.0.1;
					};
				};
			};
			buildConfigurationList = F7EF5E2E28FDF88500B2FC75 /* Build configuration list for PBXProject "MVVM project" */;
			compatibilityVersion = "Xcode 14.0";
			developmentRegion = en;
			hasScannedForEncodings = 0;
			knownRegions = (
				en,
				Base,
			);
			mainGroup = F7EF5E2A28FDF88500B2FC75;
			productRefGroup = F7EF5E3428FDF88500B2FC75 /* Products */;
			projectDirPath = "";
			projectRoot = "";
			targets = (
				F7EF5E3228FDF88500B2FC75 /* MVVM project */,
			);
		};
/* End PBXProject section */

/* Begin PBXResourcesBuildPhase section */
		F7EF5E3128FDF88500B2FC75 /* Resources */ = {
			isa = PBXResourcesBuildPhase;
			buildActionMask = 2147483647;
			files = (
				F7EF5E4328FDF88600B2FC75 /* LaunchScreen.storyboard in Resources */,
				F7EF5E4028FDF88600B2FC75 /* Assets.xcassets in Resources */,
				F7EF5E3E28FDF88500B2FC75 /* Main.storyboard in Resources */,
			);
			runOnlyForDeploymentPostprocessing = 0;
		};
/* End PBXResourcesBuildPhase section */

/* Begin PBXSourcesBuildPhase section */
		F7EF5E2F28FDF88500B2FC75 /* Sources */ = {
			isa = PBXSourcesBuildPhase;
			buildActionMask = 2147483647;
			files = (
				F7EF5E5128FDFCA900B2FC75 /* ViewModel.swift in Sources */,
				F7EF5E4F28FDFB6900B2FC75 /* User.swift in Sources */,
				F7EF5E3B28FDF88500B2FC75 /* ViewController.swift in Sources */,
				F7EF5E5428FDFCFA00B2FC75 /* Dynamic.swift in Sources */,
				F7EF5E3728FDF88500B2FC75 /* AppDelegate.swift in Sources */,
				F7EF5E3928FDF88500B2FC75 /* SceneDelegate.swift in Sources */,
			);
			runOnlyForDeploymentPostprocessing = 0;
		};
/* End PBXSourcesBuildPhase section */

/* Begin PBXVariantGroup section */
		F7EF5E3C28FDF88500B2FC75 /* Main.storyboard */ = {
			isa = PBXVariantGroup;
			children = (
				F7EF5E3D28FDF88500B2FC75 /* Base */,
			);
			name = Main.storyboard;
			sourceTree = "<group>";
		};
		F7EF5E4128FDF88600B2FC75 /* LaunchScreen.storyboard */ = {
			isa = PBXVariantGroup;
			children = (
				F7EF5E4228FDF88600B2FC75 /* Base */,
			);
			name = LaunchScreen.storyboard;
			sourceTree = "<group>";
		};
/* End PBXVariantGroup section */

/* Begin XCBuildConfiguration section */
		F7EF5E4528FDF88600B2FC75 /* Debug */ = {
			isa = XCBuildConfiguration;
			buildSettings = {
				ALWAYS_SEARCH_USER_PATHS = NO;
				CLANG_ANALYZER_NONNULL = YES;
				CLANG_ANALYZER_NUMBER_OBJECT_CONVERSION = YES_AGGRESSIVE;
				CLANG_CXX_LANGUAGE_STANDARD = "gnu++20";
				CLANG_ENABLE_MODULES = YES;
				CLANG_ENABLE_OBJC_ARC = YES;
				CLANG_ENABLE_OBJC_WEAK = YES;
				CLANG_WARN_BLOCK_CAPTURE_AUTORELEASING = YES;
				CLANG_WARN_BOOL_CONVERSION = YES;
				CLANG_WARN_COMMA = YES;
				CLANG_WARN_CONSTANT_CONVERSION = YES;
				CLANG_WARN_DEPRECATED_OBJC_IMPLEMENTATIONS = YES;
				CLANG_WARN_DIRECT_OBJC_ISA_USAGE = YES_ERROR;
				CLANG_WARN_DOCUMENTATION_COMMENTS = YES;
				CLANG_WARN_EMPTY_BODY = YES;
				CLANG_WARN_ENUM_CONVERSION = YES;
				CLANG_WARN_INFINITE_RECURSION = YES;
				CLANG_WARN_INT_CONVERSION = YES;
				CLANG_WARN_NON_LITERAL_NULL_CONVERSION = YES;
				CLANG_WARN_OBJC_IMPLICIT_RETAIN_SELF = YES;
				CLANG_WARN_OBJC_LITERAL_CONVERSION = YES;
				CLANG_WARN_OBJC_ROOT_CLASS = YES_ERROR;
				CLANG_WARN_QUOTED_INCLUDE_IN_FRAMEWORK_HEADER = YES;
				CLANG_WARN_RANGE_LOOP_ANALYSIS = YES;
				CLANG_WARN_STRICT_PROTOTYPES = YES;
				CLANG_WARN_SUSPICIOUS_MOVE = YES;
				CLANG_WARN_UNGUARDED_AVAILABILITY = YES_AGGRESSIVE;
				CLANG_WARN_UNREACHABLE_CODE = YES;
				CLANG_WARN__DUPLICATE_METHOD_MATCH = YES;
				COPY_PHASE_STRIP = NO;
				DEBUG_INFORMATION_FORMAT = dwarf;
				ENABLE_STRICT_OBJC_MSGSEND = YES;
				ENABLE_TESTABILITY = YES;
				GCC_C_LANGUAGE_STANDARD = gnu11;
				GCC_DYNAMIC_NO_PIC = NO;
				GCC_NO_COMMON_BLOCKS = YES;
				GCC_OPTIMIZATION_LEVEL = 0;
				GCC_PREPROCESSOR_DEFINITIONS = (
					"DEBUG=1",
					"$(inherited)",
				);
				GCC_WARN_64_TO_32_BIT_CONVERSION = YES;
				GCC_WARN_ABOUT_RETURN_TYPE = YES_ERROR;
				GCC_WARN_UNDECLARED_SELECTOR = YES;
				GCC_WARN_UNINITIALIZED_AUTOS = YES_AGGRESSIVE;
				GCC_WARN_UNUSED_FUNCTION = YES;
				GCC_WARN_UNUSED_VARIABLE = YES;
				IPHONEOS_DEPLOYMENT_TARGET = 16.0;
				MTL_ENABLE_DEBUG_INFO = INCLUDE_SOURCE;
				MTL_FAST_MATH = YES;
				ONLY_ACTIVE_ARCH = YES;
				SDKROOT = iphoneos;
				SWIFT_ACTIVE_COMPILATION_CONDITIONS = DEBUG;
				SWIFT_OPTIMIZATION_LEVEL = "-Onone";
			};
			name = Debug;
		};
		F7EF5E4628FDF88600B2FC75 /* Release */ = {
			isa = XCBuildConfiguration;
			buildSettings = {
				ALWAYS_SEARCH_USER_PATHS = NO;
				CLANG_ANALYZER_NONNULL = YES;
				CLANG_ANALYZER_NUMBER_OBJECT_CONVERSION = YES_AGGRESSIVE;
				CLANG_CXX_LANGUAGE_STANDARD = "gnu++20";
				CLANG_ENABLE_MODULES = YES;
				CLANG_ENABLE_OBJC_ARC = YES;
				CLANG_ENABLE_OBJC_WEAK = YES;
				CLANG_WARN_BLOCK_CAPTURE_AUTORELEASING = YES;
				CLANG_WARN_BOOL_CONVERSION = YES;
				CLANG_WARN_COMMA = YES;
				CLANG_WARN_CONSTANT_CONVERSION = YES;
				CLANG_WARN_DEPRECATED_OBJC_IMPLEMENTATIONS = YES;
				CLANG_WARN_DIRECT_OBJC_ISA_USAGE = YES_ERROR;
				CLANG_WARN_DOCUMENTATION_COMMENTS = YES;
				CLANG_WARN_EMPTY_BODY = YES;
				CLANG_WARN_ENUM_CONVERSION = YES;
				CLANG_WARN_INFINITE_RECURSION = YES;
				CLANG_WARN_INT_CONVERSION = YES;
				CLANG_WARN_NON_LITERAL_NULL_CONVERSION = YES;
				CLANG_WARN_OBJC_IMPLICIT_RETAIN_SELF = YES;
				CLANG_WARN_OBJC_LITERAL_CONVERSION = YES;
				CLANG_WARN_OBJC_ROOT_CLASS = YES_ERROR;
				CLANG_WARN_QUOTED_INCLUDE_IN_FRAMEWORK_HEADER = YES;
				CLANG_WARN_RANGE_LOOP_ANALYSIS = YES;
				CLANG_WARN_STRICT_PROTOTYPES = YES;
				CLANG_WARN_SUSPICIOUS_MOVE = YES;
				CLANG_WARN_UNGUARDED_AVAILABILITY = YES_AGGRESSIVE;
				CLANG_WARN_UNREACHABLE_CODE = YES;
				CLANG_WARN__DUPLICATE_METHOD_MATCH = YES;
				COPY_PHASE_STRIP = NO;
				DEBUG_INFORMATION_FORMAT = "dwarf-with-dsym";
				ENABLE_NS_ASSERTIONS = NO;
				ENABLE_STRICT_OBJC_MSGSEND = YES;
				GCC_C_LANGUAGE_STANDARD = gnu11;
				GCC_NO_COMMON_BLOCKS = YES;
				GCC_WARN_64_TO_32_BIT_CONVERSION = YES;
				GCC_WARN_ABOUT_RETURN_TYPE = YES_ERROR;
				GCC_WARN_UNDECLARED_SELECTOR = YES;
				GCC_WARN_UNINITIALIZED_AUTOS = YES_AGGRESSIVE;
				GCC_WARN_UNUSED_FUNCTION = YES;
				GCC_WARN_UNUSED_VARIABLE = YES;
				IPHONEOS_DEPLOYMENT_TARGET = 16.0;
				MTL_ENABLE_DEBUG_INFO = NO;
				MTL_FAST_MATH = YES;
				SDKROOT = iphoneos;
				SWIFT_COMPILATION_MODE = wholemodule;
				SWIFT_OPTIMIZATION_LEVEL = "-O";
				VALIDATE_PRODUCT = YES;
			};
			name = Release;
		};
		F7EF5E4828FDF88600B2FC75 /* Debug */ = {
			isa = XCBuildConfiguration;
			buildSettings = {
				ASSETCATALOG_COMPILER_APPICON_NAME = AppIcon;
				ASSETCATALOG_COMPILER_GLOBAL_ACCENT_COLOR_NAME = AccentColor;
				CODE_SIGN_STYLE = Automatic;
				CURRENT_PROJECT_VERSION = 1;
				GENERATE_INFOPLIST_FILE = YES;
				INFOPLIST_FILE = "MVVM project/Info.plist";
				INFOPLIST_KEY_UIApplicationSupportsIndirectInputEvents = YES;
				INFOPLIST_KEY_UILaunchStoryboardName = LaunchScreen;
				INFOPLIST_KEY_UIMainStoryboardFile = Main;
				INFOPLIST_KEY_UISupportedInterfaceOrientations_iPad = "UIInterfaceOrientationPortrait UIInterfaceOrientationPortraitUpsideDown UIInterfaceOrientationLandscapeLeft UIInterfaceOrientationLandscapeRight";
				INFOPLIST_KEY_UISupportedInterfaceOrientations_iPhone = "UIInterfaceOrientationPortrait UIInterfaceOrientationLandscapeLeft UIInterfaceOrientationLandscapeRight";
				LD_RUNPATH_SEARCH_PATHS = (
					"$(inherited)",
					"@executable_path/Frameworks",
				);
				MARKETING_VERSION = 1.0;
				PRODUCT_BUNDLE_IDENTIFIER = "Organization.MVVM-project";
				PRODUCT_NAME = "$(TARGET_NAME)";
				SWIFT_EMIT_LOC_STRINGS = YES;
				SWIFT_VERSION = 5.0;
				TARGETED_DEVICE_FAMILY = "1,2";
			};
			name = Debug;
		};
		F7EF5E4928FDF88600B2FC75 /* Release */ = {
			isa = XCBuildConfiguration;
			buildSettings = {
				ASSETCATALOG_COMPILER_APPICON_NAME = AppIcon;
				ASSETCATALOG_COMPILER_GLOBAL_ACCENT_COLOR_NAME = AccentColor;
				CODE_SIGN_STYLE = Automatic;
				CURRENT_PROJECT_VERSION = 1;
				GENERATE_INFOPLIST_FILE = YES;
				INFOPLIST_FILE = "MVVM project/Info.plist";
				INFOPLIST_KEY_UIApplicationSupportsIndirectInputEvents = YES;
				INFOPLIST_KEY_UILaunchStoryboardName = LaunchScreen;
				INFOPLIST_KEY_UIMainStoryboardFile = Main;
				INFOPLIST_KEY_UISupportedInterfaceOrientations_iPad = "UIInterfaceOrientationPortrait UIInterfaceOrientationPortraitUpsideDown UIInterfaceOrientationLandscapeLeft UIInterfaceOrientationLandscapeRight";
				INFOPLIST_KEY_UISupportedInterfaceOrientations_iPhone = "UIInterfaceOrientationPortrait UIInterfaceOrientationLandscapeLeft UIInterfaceOrientationLandscapeRight";
				LD_RUNPATH_SEARCH_PATHS = (
					"$(inherited)",
					"@executable_path/Frameworks",
				);
				MARKETING_VERSION = 1.0;
				PRODUCT_BUNDLE_IDENTIFIER = "Organization.MVVM-project";
				PRODUCT_NAME = "$(TARGET_NAME)";
				SWIFT_EMIT_LOC_STRINGS = YES;
				SWIFT_VERSION = 5.0;
				TARGETED_DEVICE_FAMILY = "1,2";
			};
			name = Release;
		};
/* End XCBuildConfiguration section */

/* Begin XCConfigurationList section */
		F7EF5E2E28FDF88500B2FC75 /* Build configuration list for PBXProject "MVVM project" */ = {
			isa = XCConfigurationList;
			buildConfigurations = (
				F7EF5E4528FDF88600B2FC75 /* Debug */,
				F7EF5E4628FDF88600B2FC75 /* Release */,
			);
			defaultConfigurationIsVisible = 0;
			defaultConfigurationName = Release;
		};
		F7EF5E4728FDF88600B2FC75 /* Build configuration list for PBXNativeTarget "MVVM project" */ = {
			isa = XCConfigurationList;
			buildConfigurations = (
				F7EF5E4828FDF88600B2FC75 /* Debug */,
				F7EF5E4928FDF88600B2FC75 /* Release */,
			);
			defaultConfigurationIsVisible = 0;
			defaultConfigurationName = Release;
		};
/* End XCConfigurationList section */
	};
	rootObject = F7EF5E2B28FDF88500B2FC75 /* Project object */;
}
